
Microsoft Visual Studio Solution File, Format Version 10.00
# Visual Studio 2008
Project("{FAE04EC0-301F-11D3-BF4B-00C04F79EFBC}") = "ImplementsAttribute", "ImplementsAttribute\ImplementsAttribute.csproj", "{43669FAB-CEB7-42CD-BBFD-C796FA2B64C7}"
EndProject
Project("{2150E333-8FDC-42A3-9474-1A3956D46DE8}") = "Solution Items", "Solution Items", "{F6249DD5-C7B5-44EA-9FCC-75711CB4BDE8}"
	ProjectSection(SolutionItems) = preProject
		ImplementsAttribute.vsmdi = ImplementsAttribute.vsmdi
		LocalTestRun.testrunconfig = LocalTestRun.testrunconfig
	EndProjectSection
EndProject
Project("{FAE04EC0-301F-11D3-BF4B-00C04F79EFBC}") = "ImplementsChecker", "ImplementsChecker\ImplementsChecker.csproj", "{8DE15086-48CE-4A45-8E07-D498D8FFF4B8}"
EndProject
Project("{FAE04EC0-301F-11D3-BF4B-00C04F79EFBC}") = "TestImplementsAttribute", "TestImplementsAttribute\TestImplementsAttribute.csproj", "{03BD9DEE-E6DE-4DCA-AC37-3BC7A822ABB8}"
EndProject
Global
	GlobalSection(TestCaseManagementSettings) = postSolution
		CategoryFile = ImplementsAttribute.vsmdi
	EndGlobalSection
	GlobalSection(SolutionConfigurationPlatforms) = preSolution
		Debug|Any CPU = Debug|Any CPU
		Release|Any CPU = Release|Any CPU
	EndGlobalSection
	GlobalSection(ProjectConfigurationPlatforms) = postSolution
		{43669FAB-CEB7-42CD-BBFD-C796FA2B64C7}.Debug|Any CPU.ActiveCfg = Debug|Any CPU
		{43669FAB-CEB7-42CD-BBFD-C796FA2B64C7}.Debug|Any CPU.Build.0 = Debug|Any CPU
		{43669FAB-CEB7-42CD-BBFD-C796FA2B64C7}.Release|Any CPU.ActiveCfg = Release|Any CPU
		{43669FAB-CEB7-42CD-BBFD-C796FA2B64C7}.Release|Any CPU.Build.0 = Release|Any CPU
		{8DE15086-48CE-4A45-8E07-D498D8FFF4B8}.Debug|Any CPU.ActiveCfg = Debug|Any CPU
		{8DE15086-48CE-4A45-8E07-D498D8FFF4B8}.Debug|Any CPU.Build.0 = Debug|Any CPU
		{8DE15086-48CE-4A45-8E07-D498D8FFF4B8}.Release|Any CPU.ActiveCfg = Release|Any CPU
		{8DE15086-48CE-4A45-8E07-D498D8FFF4B8}.Release|Any CPU.Build.0 = Release|Any CPU
		{03BD9DEE-E6DE-4DCA-AC37-3BC7A822ABB8}.Debug|Any CPU.ActiveCfg = Debug|Any CPU
		{03BD9DEE-E6DE-4DCA-AC37-3BC7A822ABB8}.Debug|Any CPU.Build.0 = Debug|Any CPU
		{03BD9DEE-E6DE-4DCA-AC37-3BC7A822ABB8}.Release|Any CPU.ActiveCfg = Release|Any CPU
		{03BD9DEE-E6DE-4DCA-AC37-3BC7A822ABB8}.Release|Any CPU.Build.0 = Release|Any CPU
	EndGlobalSection
	GlobalSection(SolutionProperties) = preSolution
		HideSolutionNode = FALSE
	EndGlobalSection
EndGlobal
